
Microsoft Visual Studio Solution File, Format Version 12.00
# Visual Studio Version 16
VisualStudioVersion = 16.0.30503.244
MinimumVisualStudioVersion = 10.0.40219.1
Project("{FAE04EC0-301F-11D3-BF4B-00C04F79EFBC}") = "WatchStore25", "WatchStore25\WatchStore25.csproj", "{AD526394-C59B-494F-90FB-776A6D22F184}"
EndProject
Global
	GlobalSection(SolutionConfigurationPlatforms) = preSolution
		Debug|Any CPU = Debug|Any CPU
		Release|Any CPU = Release|Any CPU
	EndGlobalSection
	GlobalSection(ProjectConfigurationPlatforms) = postSolution
		{AD526394-C59B-494F-90FB-776A6D22F184}.Debug|Any CPU.ActiveCfg = Debug|Any CPU
		{AD526394-C59B-494F-90FB-776A6D22F184}.Debug|Any CPU.Build.0 = Debug|Any CPU
		{AD526394-C59B-494F-90FB-776A6D22F184}.Release|Any CPU.ActiveCfg = Release|Any CPU
		{AD526394-C59B-494F-90FB-776A6D22F184}.Release|Any CPU.Build.0 = Release|Any CPU
	EndGlobalSection
	GlobalSection(SolutionProperties) = preSolution
		HideSolutionNode = FALSE
	EndGlobalSection
	GlobalSection(ExtensibilityGlobals) = postSolution
		SolutionGuid = {939A1FD7-293C-4A4F-8138-4E91BD3F9EFF}
	EndGlobalSection
EndGlobal
